
Microsoft Visual Studio Solution File, Format Version 12.00
# Visual Studio Version 16
VisualStudioVersion = 16.0.29411.108
MinimumVisualStudioVersion = 10.0.40219.1
Project("{FAE04EC0-301F-11D3-BF4B-00C04F79EFBC}") = "AjaxPeople", "AjaxPeople\AjaxPeople.csproj", "{C4AC16A5-7E42-4D86-856A-4D38E10CC0F8}"
EndProject
Project("{FAE04EC0-301F-11D3-BF4B-00C04F79EFBC}") = "AjaxPeople.Data", "AjaxPeople.Data\AjaxPeople.Data.csproj", "{62D60677-0B98-4EA7-9391-04050D498400}"
EndProject
Global
	GlobalSection(SolutionConfigurationPlatforms) = preSolution
		Debug|Any CPU = Debug|Any CPU
		Release|Any CPU = Release|Any CPU
	EndGlobalSection
	GlobalSection(ProjectConfigurationPlatforms) = postSolution
		{C4AC16A5-7E42-4D86-856A-4D38E10CC0F8}.Debug|Any CPU.ActiveCfg = Debug|Any CPU
		{C4AC16A5-7E42-4D86-856A-4D38E10CC0F8}.Debug|Any CPU.Build.0 = Debug|Any CPU
		{C4AC16A5-7E42-4D86-856A-4D38E10CC0F8}.Release|Any CPU.ActiveCfg = Release|Any CPU
		{C4AC16A5-7E42-4D86-856A-4D38E10CC0F8}.Release|Any CPU.Build.0 = Release|Any CPU
		{62D60677-0B98-4EA7-9391-04050D498400}.Debug|Any CPU.ActiveCfg = Debug|Any CPU
		{62D60677-0B98-4EA7-9391-04050D498400}.Debug|Any CPU.Build.0 = Debug|Any CPU
		{62D60677-0B98-4EA7-9391-04050D498400}.Release|Any CPU.ActiveCfg = Release|Any CPU
		{62D60677-0B98-4EA7-9391-04050D498400}.Release|Any CPU.Build.0 = Release|Any CPU
	EndGlobalSection
	GlobalSection(SolutionProperties) = preSolution
		HideSolutionNode = FALSE
	EndGlobalSection
	GlobalSection(ExtensibilityGlobals) = postSolution
		SolutionGuid = {ED264F71-C846-45FE-863D-71D31F036630}
	EndGlobalSection
EndGlobal
